<?xml version="1.0" encoding="utf-8"?>
<Project ToolsVersion="4.0" xmlns="http://schemas.microsoft.com/developer/msbuild/2003">
  <ItemGroup>
    <Filter Include="Web">
      <UniqueIdentifier>{b45f113f-0491-4b58-a68b-eedfac76f808}</UniqueIdentifier>
    </Filter>
    <Filter Include="Sources">
      <UniqueIdentifier>{f1bafcbb-2b7c-4474-a02f-d2339dd6d626}</UniqueIdentifier>
    </Filter>
  </ItemGroup>
  <ItemGroup>
    <None Include="bin\index.html">
      <Filter>Web</Filter>
    </None>
  </ItemGroup>
  <ItemGroup>
    <ClCompile Include="glb.cpp">
      <Filter>Sources</Filter>
    </ClCompile>
  </ItemGroup>
  <ItemGroup>
    <ClInclude Include="glb.h">
      <Filter>Sources</Filter>
    </ClInclude>
  </ItemGroup>
  <ItemGroup>
    <CudaCompile Include="kernel.cu">
      <Filter>Sources</Filter>
    </CudaCompile>
  </ItemGroup>
  <ItemGroup>
    <Library Include="libjpeg-turbo\lib\turbojpeg-static.lib" />
  </ItemGroup>
</Project>